
Microsoft Visual Studio Solution File, Format Version 12.00
# Visual Studio Version 17
VisualStudioVersion = 17.2.32630.192
MinimumVisualStudioVersion = 10.0.40219.1
Project("{2150E333-8FDC-42A3-9474-1A3956D46DE8}") = "src", "src", "{4470E4C7-8C41-49EF-82ED-56A5F8AB4CAD}"
EndProject
Project("{2150E333-8FDC-42A3-9474-1A3956D46DE8}") = "test", "test", "{29AD77A5-6FCF-469C-93E8-8AC90C6EEBF8}"
EndProject
Project("{2150E333-8FDC-42A3-9474-1A3956D46DE8}") = "corePackages", "corePackages", "{3123FB6E-5F8A-4A39-8118-3DEA334DD8FA}"
EndProject
Project("{FAE04EC0-301F-11D3-BF4B-00C04F79EFBC}") = "Core.Application", "src\corePackages\Core.Application\Core.Application.csproj", "{771CD703-ECCD-4B75-8733-86E0D5000578}"
EndProject
Project("{FAE04EC0-301F-11D3-BF4B-00C04F79EFBC}") = "Core.CrossCuttingConcerns", "src\corePackages\Core.CrossCuttingConcers\Core.CrossCuttingConcerns.csproj", "{30F2FB6A-63D8-40A6-B116-B4209F30B45E}"
EndProject
Project("{FAE04EC0-301F-11D3-BF4B-00C04F79EFBC}") = "Core.ElasticSearch", "src\corePackages\Core.ElasticSearch\Core.ElasticSearch.csproj", "{943F43DD-0751-48A8-9EBC-F5925B25A25B}"
EndProject
Project("{FAE04EC0-301F-11D3-BF4B-00C04F79EFBC}") = "Core.Mailing", "src\corePackages\Core.Mailing\Core.Mailing.csproj", "{7A72DDD4-EA1C-4B00-B36E-7BBE04F3D0F9}"
EndProject
Project("{FAE04EC0-301F-11D3-BF4B-00C04F79EFBC}") = "Core.Persistence", "src\corePackages\Core.Persistence\Core.Persistence.csproj", "{26B3A455-4FDB-44CE-9BFA-5F21DAEBB77E}"
EndProject
Project("{FAE04EC0-301F-11D3-BF4B-00C04F79EFBC}") = "Core.Security", "src\corePackages\Core.Security\Core.Security.csproj", "{12F8CE57-0D5E-4BD1-B767-8023B3BC28EE}"
EndProject
Project("{2150E333-8FDC-42A3-9474-1A3956D46DE8}") = "fastTicket", "fastTicket", "{B27A4FBB-6B54-4534-94EE-35E1B217BAF7}"
EndProject
Project("{FAE04EC0-301F-11D3-BF4B-00C04F79EFBC}") = "FastTicket.Domain", "src\fastTicket\FastTicket.Domain\FastTicket.Domain.csproj", "{31C3FD2F-50F6-453D-A6FB-F7FCFA9E31C1}"
EndProject
Project("{FAE04EC0-301F-11D3-BF4B-00C04F79EFBC}") = "FastTicket.Application", "src\fastTicket\FastTicket.Application\FastTicket.Application.csproj", "{DA68A79E-6E0E-488B-8E9C-44BDC5A067AB}"
EndProject
Project("{FAE04EC0-301F-11D3-BF4B-00C04F79EFBC}") = "FastTicket.Infrastructure", "src\fastTicket\FastTicket.Infrastructure\FastTicket.Infrastructure.csproj", "{7B536E07-6477-4FC4-B43F-CF1749F7BFB9}"
EndProject
Project("{FAE04EC0-301F-11D3-BF4B-00C04F79EFBC}") = "FastTicket.Persistence", "src\fastTicket\FastTicket.Persistence\FastTicket.Persistence.csproj", "{B75D3447-5191-48A9-B459-1F546E8C3782}"
EndProject
Project("{FAE04EC0-301F-11D3-BF4B-00C04F79EFBC}") = "FastTicket.WebAPI", "src\fastTicket\FastTicket.WebAPI\FastTicket.WebAPI.csproj", "{A13BF3F7-DA2E-4A6B-8C38-84D5CA894BBA}"
EndProject
Global
	GlobalSection(SolutionConfigurationPlatforms) = preSolution
		Debug|Any CPU = Debug|Any CPU
		Release|Any CPU = Release|Any CPU
	EndGlobalSection
	GlobalSection(ProjectConfigurationPlatforms) = postSolution
		{771CD703-ECCD-4B75-8733-86E0D5000578}.Debug|Any CPU.ActiveCfg = Debug|Any CPU
		{771CD703-ECCD-4B75-8733-86E0D5000578}.Debug|Any CPU.Build.0 = Debug|Any CPU
		{771CD703-ECCD-4B75-8733-86E0D5000578}.Release|Any CPU.ActiveCfg = Release|Any CPU
		{771CD703-ECCD-4B75-8733-86E0D5000578}.Release|Any CPU.Build.0 = Release|Any CPU
		{30F2FB6A-63D8-40A6-B116-B4209F30B45E}.Debug|Any CPU.ActiveCfg = Debug|Any CPU
		{30F2FB6A-63D8-40A6-B116-B4209F30B45E}.Debug|Any CPU.Build.0 = Debug|Any CPU
		{30F2FB6A-63D8-40A6-B116-B4209F30B45E}.Release|Any CPU.ActiveCfg = Release|Any CPU
		{30F2FB6A-63D8-40A6-B116-B4209F30B45E}.Release|Any CPU.Build.0 = Release|Any CPU
		{943F43DD-0751-48A8-9EBC-F5925B25A25B}.Debug|Any CPU.ActiveCfg = Debug|Any CPU
		{943F43DD-0751-48A8-9EBC-F5925B25A25B}.Debug|Any CPU.Build.0 = Debug|Any CPU
		{943F43DD-0751-48A8-9EBC-F5925B25A25B}.Release|Any CPU.ActiveCfg = Release|Any CPU
		{943F43DD-0751-48A8-9EBC-F5925B25A25B}.Release|Any CPU.Build.0 = Release|Any CPU
		{7A72DDD4-EA1C-4B00-B36E-7BBE04F3D0F9}.Debug|Any CPU.ActiveCfg = Debug|Any CPU
		{7A72DDD4-EA1C-4B00-B36E-7BBE04F3D0F9}.Debug|Any CPU.Build.0 = Debug|Any CPU
		{7A72DDD4-EA1C-4B00-B36E-7BBE04F3D0F9}.Release|Any CPU.ActiveCfg = Release|Any CPU
		{7A72DDD4-EA1C-4B00-B36E-7BBE04F3D0F9}.Release|Any CPU.Build.0 = Release|Any CPU
		{26B3A455-4FDB-44CE-9BFA-5F21DAEBB77E}.Debug|Any CPU.ActiveCfg = Debug|Any CPU
		{26B3A455-4FDB-44CE-9BFA-5F21DAEBB77E}.Debug|Any CPU.Build.0 = Debug|Any CPU
		{26B3A455-4FDB-44CE-9BFA-5F21DAEBB77E}.Release|Any CPU.ActiveCfg = Release|Any CPU
		{26B3A455-4FDB-44CE-9BFA-5F21DAEBB77E}.Release|Any CPU.Build.0 = Release|Any CPU
		{12F8CE57-0D5E-4BD1-B767-8023B3BC28EE}.Debug|Any CPU.ActiveCfg = Debug|Any CPU
		{12F8CE57-0D5E-4BD1-B767-8023B3BC28EE}.Debug|Any CPU.Build.0 = Debug|Any CPU
		{12F8CE57-0D5E-4BD1-B767-8023B3BC28EE}.Release|Any CPU.ActiveCfg = Release|Any CPU
		{12F8CE57-0D5E-4BD1-B767-8023B3BC28EE}.Release|Any CPU.Build.0 = Release|Any CPU
		{31C3FD2F-50F6-453D-A6FB-F7FCFA9E31C1}.Debug|Any CPU.ActiveCfg = Debug|Any CPU
		{31C3FD2F-50F6-453D-A6FB-F7FCFA9E31C1}.Debug|Any CPU.Build.0 = Debug|Any CPU
		{31C3FD2F-50F6-453D-A6FB-F7FCFA9E31C1}.Release|Any CPU.ActiveCfg = Release|Any CPU
		{31C3FD2F-50F6-453D-A6FB-F7FCFA9E31C1}.Release|Any CPU.Build.0 = Release|Any CPU
		{DA68A79E-6E0E-488B-8E9C-44BDC5A067AB}.Debug|Any CPU.ActiveCfg = Debug|Any CPU
		{DA68A79E-6E0E-488B-8E9C-44BDC5A067AB}.Debug|Any CPU.Build.0 = Debug|Any CPU
		{DA68A79E-6E0E-488B-8E9C-44BDC5A067AB}.Release|Any CPU.ActiveCfg = Release|Any CPU
		{DA68A79E-6E0E-488B-8E9C-44BDC5A067AB}.Release|Any CPU.Build.0 = Release|Any CPU
		{7B536E07-6477-4FC4-B43F-CF1749F7BFB9}.Debug|Any CPU.ActiveCfg = Debug|Any CPU
		{7B536E07-6477-4FC4-B43F-CF1749F7BFB9}.Debug|Any CPU.Build.0 = Debug|Any CPU
		{7B536E07-6477-4FC4-B43F-CF1749F7BFB9}.Release|Any CPU.ActiveCfg = Release|Any CPU
		{7B536E07-6477-4FC4-B43F-CF1749F7BFB9}.Release|Any CPU.Build.0 = Release|Any CPU
		{B75D3447-5191-48A9-B459-1F546E8C3782}.Debug|Any CPU.ActiveCfg = Debug|Any CPU
		{B75D3447-5191-48A9-B459-1F546E8C3782}.Debug|Any CPU.Build.0 = Debug|Any CPU
		{B75D3447-5191-48A9-B459-1F546E8C3782}.Release|Any CPU.ActiveCfg = Release|Any CPU
		{B75D3447-5191-48A9-B459-1F546E8C3782}.Release|Any CPU.Build.0 = Release|Any CPU
		{A13BF3F7-DA2E-4A6B-8C38-84D5CA894BBA}.Debug|Any CPU.ActiveCfg = Debug|Any CPU
		{A13BF3F7-DA2E-4A6B-8C38-84D5CA894BBA}.Debug|Any CPU.Build.0 = Debug|Any CPU
		{A13BF3F7-DA2E-4A6B-8C38-84D5CA894BBA}.Release|Any CPU.ActiveCfg = Release|Any CPU
		{A13BF3F7-DA2E-4A6B-8C38-84D5CA894BBA}.Release|Any CPU.Build.0 = Release|Any CPU
	EndGlobalSection
	GlobalSection(SolutionProperties) = preSolution
		HideSolutionNode = FALSE
	EndGlobalSection
	GlobalSection(NestedProjects) = preSolution
		{3123FB6E-5F8A-4A39-8118-3DEA334DD8FA} = {4470E4C7-8C41-49EF-82ED-56A5F8AB4CAD}
		{771CD703-ECCD-4B75-8733-86E0D5000578} = {3123FB6E-5F8A-4A39-8118-3DEA334DD8FA}
		{30F2FB6A-63D8-40A6-B116-B4209F30B45E} = {3123FB6E-5F8A-4A39-8118-3DEA334DD8FA}
		{943F43DD-0751-48A8-9EBC-F5925B25A25B} = {3123FB6E-5F8A-4A39-8118-3DEA334DD8FA}
		{7A72DDD4-EA1C-4B00-B36E-7BBE04F3D0F9} = {3123FB6E-5F8A-4A39-8118-3DEA334DD8FA}
		{26B3A455-4FDB-44CE-9BFA-5F21DAEBB77E} = {3123FB6E-5F8A-4A39-8118-3DEA334DD8FA}
		{12F8CE57-0D5E-4BD1-B767-8023B3BC28EE} = {3123FB6E-5F8A-4A39-8118-3DEA334DD8FA}
		{B27A4FBB-6B54-4534-94EE-35E1B217BAF7} = {4470E4C7-8C41-49EF-82ED-56A5F8AB4CAD}
		{31C3FD2F-50F6-453D-A6FB-F7FCFA9E31C1} = {B27A4FBB-6B54-4534-94EE-35E1B217BAF7}
		{DA68A79E-6E0E-488B-8E9C-44BDC5A067AB} = {B27A4FBB-6B54-4534-94EE-35E1B217BAF7}
		{7B536E07-6477-4FC4-B43F-CF1749F7BFB9} = {B27A4FBB-6B54-4534-94EE-35E1B217BAF7}
		{B75D3447-5191-48A9-B459-1F546E8C3782} = {B27A4FBB-6B54-4534-94EE-35E1B217BAF7}
		{A13BF3F7-DA2E-4A6B-8C38-84D5CA894BBA} = {B27A4FBB-6B54-4534-94EE-35E1B217BAF7}
	EndGlobalSection
	GlobalSection(ExtensibilityGlobals) = postSolution
		SolutionGuid = {76E4B373-BA25-4AC4-9B06-FF3BE3C4B03F}
	EndGlobalSection
EndGlobal
